// !$*UTF8*$!
{
	archiveVersion = 1;
	classes = {
	};
	objectVersion = 50;
	objects = {

/* Begin PBXBuildFile section */
		B6AFE2D820BFC26400782270 /* AppDelegate.swift in Sources */ = {isa = PBXBuildFile; fileRef = B6AFE2D720BFC26400782270 /* AppDelegate.swift */; };
		B6AFE2DA20BFC26400782270 /* ViewController.swift in Sources */ = {isa = PBXBuildFile; fileRef = B6AFE2D920BFC26400782270 /* ViewController.swift */; };
		B6AFE2DD20BFC26400782270 /* Main.storyboard in Resources */ = {isa = PBXBuildFile; fileRef = B6AFE2DB20BFC26400782270 /* Main.storyboard */; };
		B6AFE2E220BFC26700782270 /* LaunchScreen.storyboard in Resources */ = {isa = PBXBuildFile; fileRef = B6AFE2E020BFC26700782270 /* LaunchScreen.storyboard */; };
		B6AFE2ED20BFC26700782270 /* I_Am_RichTests.swift in Sources */ = {isa = PBXBuildFile; fileRef = B6AFE2EC20BFC26700782270 /* I_Am_RichTests.swift */; };
		B6AFE2F820BFC26700782270 /* I_Am_RichUITests.swift in Sources */ = {isa = PBXBuildFile; fileRef = B6AFE2F720BFC26700782270 /* I_Am_RichUITests.swift */; };
		B6AFE30720BFC77500782270 /* Media.xcassets in Resources */ = {isa = PBXBuildFile; fileRef = B6AFE30620BFC77500782270 /* Media.xcassets */; };
/* End PBXBuildFile section */

/* Begin PBXContainerItemProxy section */
		B6AFE2E920BFC26700782270 /* PBXContainerItemProxy */ = {
			isa = PBXContainerItemProxy;
			containerPortal = B6AFE2CC20BFC26400782270 /* Project object */;
			proxyType = 1;
			remoteGlobalIDString = B6AFE2D320BFC26400782270;
			remoteInfo = "I Am Rich";
		};
		B6AFE2F420BFC26700782270 /* PBXContainerItemProxy */ = {
			isa = PBXContainerItemProxy;
			containerPortal = B6AFE2CC20BFC26400782270 /* Project object */;
			proxyType = 1;
			remoteGlobalIDString = B6AFE2D320BFC26400782270;
			remoteInfo = "I Am Rich";
		};
/* End PBXContainerItemProxy section */

/* Begin PBXFileReference section */
		B6AFE2D420BFC26400782270 /* I Am Rich.app */ = {isa = PBXFileReference; explicitFileType = wrapper.application; includeInIndex = 0; path = "I Am Rich.app"; sourceTree = BUILT_PRODUCTS_DIR; };
		B6AFE2D720BFC26400782270 /* AppDelegate.swift */ = {isa = PBXFileReference; lastKnownFileType = sourcecode.swift; path = AppDelegate.swift; sourceTree = "<group>"; };
		B6AFE2D920BFC26400782270 /* ViewController.swift */ = {isa = PBXFileReference; lastKnownFileType = sourcecode.swift; path = ViewController.swift; sourceTree = "<group>"; };
		B6AFE2DC20BFC26400782270 /* Base */ = {isa = PBXFileReference; lastKnownFileType = file.storyboard; name = Base; path = Base.lproj/Main.storyboard; sourceTree = "<group>"; };
		B6AFE2E120BFC26700782270 /* Base */ = {isa = PBXFileReference; lastKnownFileType = file.storyboard; name = Base; path = Base.lproj/LaunchScreen.storyboard; sourceTree = "<group>"; };
		B6AFE2E320BFC26700782270 /* Info.plist */ = {isa = PBXFileReference; lastKnownFileType = text.plist.xml; path = Info.plist; sourceTree = "<group>"; };
		B6AFE2E820BFC26700782270 /* I Am RichTests.xctest */ = {isa = PBXFileReference; explicitFileType = wrapper.cfbundle; includeInIndex = 0; path = "I Am RichTests.xctest"; sourceTree = BUILT_PRODUCTS_DIR; };
		B6AFE2EC20BFC26700782270 /* I_Am_RichTests.swift */ = {isa = PBXFileReference; lastKnownFileType = sourcecode.swift; path = I_Am_RichTests.swift; sourceTree = "<group>"; };
		B6AFE2EE20BFC26700782270 /* Info.plist */ = {isa = PBXFileReference; lastKnownFileType = text.plist.xml; path = Info.plist; sourceTree = "<group>"; };
		B6AFE2F320BFC26700782270 /* I Am RichUITests.xctest */ = {isa = PBXFileReference; explicitFileType = wrapper.cfbundle; includeInIndex = 0; path = "I Am RichUITests.xctest"; sourceTree = BUILT_PRODUCTS_DIR; };
		B6AFE2F720BFC26700782270 /* I_Am_RichUITests.swift */ = {isa = PBXFileReference; lastKnownFileType = sourcecode.swift; path = I_Am_RichUITests.swift; sourceTree = "<group>"; };
		B6AFE2F920BFC26700782270 /* Info.plist */ = {isa = PBXFileReference; lastKnownFileType = text.plist.xml; path = Info.plist; sourceTree = "<group>"; };
		B6AFE30620BFC77500782270 /* Media.xcassets */ = {isa = PBXFileReference; lastKnownFileType = folder.assetcatalog; path = Media.xcassets; sourceTree = "<group>"; };
/* End PBXFileReference section */

/* Begin PBXFrameworksBuildPhase section */
		B6AFE2D120BFC26400782270 /* Frameworks */ = {
			isa = PBXFrameworksBuildPhase;
			buildActionMask = 2147483647;
			files = (
			);
			runOnlyForDeploymentPostprocessing = 0;
		};
		B6AFE2E520BFC26700782270 /* Frameworks */ = {
			isa = PBXFrameworksBuildPhase;
			buildActionMask = 2147483647;
			files = (
			);
			runOnlyForDeploymentPostprocessing = 0;
		};
		B6AFE2F020BFC26700782270 /* Frameworks */ = {
			isa = PBXFrameworksBuildPhase;
			buildActionMask = 2147483647;
			files = (
			);
			runOnlyForDeploymentPostprocessing = 0;
		};
/* End PBXFrameworksBuildPhase section */

/* Begin PBXGroup section */
		B6AFE2CB20BFC26400782270 = {
			isa = PBXGroup;
			children = (
				B6AFE30620BFC77500782270 /* Media.xcassets */,
				B6AFE2D620BFC26400782270 /* I Am Rich */,
				B6AFE2EB20BFC26700782270 /* I Am RichTests */,
				B6AFE2F620BFC26700782270 /* I Am RichUITests */,
				B6AFE2D520BFC26400782270 /* Products */,
			);
			sourceTree = "<group>";
		};
		B6AFE2D520BFC26400782270 /* Products */ = {
			isa = PBXGroup;
			children = (
				B6AFE2D420BFC26400782270 /* I Am Rich.app */,
				B6AFE2E820BFC26700782270 /* I Am RichTests.xctest */,
				B6AFE2F320BFC26700782270 /* I Am RichUITests.xctest */,
			);
			name = Products;
			sourceTree = "<group>";
		};
		B6AFE2D620BFC26400782270 /* I Am Rich */ = {
			isa = PBXGroup;
			children = (
				B6AFE2D720BFC26400782270 /* AppDelegate.swift */,
				B6AFE2D920BFC26400782270 /* ViewController.swift */,
				B6AFE2DB20BFC26400782270 /* Main.storyboard */,
				B6AFE2E020BFC26700782270 /* LaunchScreen.storyboard */,
				B6AFE2E320BFC26700782270 /* Info.plist */,
			);
			path = "I Am Rich";
			sourceTree = "<group>";
		};
		B6AFE2EB20BFC26700782270 /* I Am RichTests */ = {
			isa = PBXGroup;
			children = (
				B6AFE2EC20BFC26700782270 /* I_Am_RichTests.swift */,
				B6AFE2EE20BFC26700782270 /* Info.plist */,
			);
			path = "I Am RichTests";
			sourceTree = "<group>";
		};
		B6AFE2F620BFC26700782270 /* I Am RichUITests */ = {
			isa = PBXGroup;
			children = (
				B6AFE2F720BFC26700782270 /* I_Am_RichUITests.swift */,
				B6AFE2F920BFC26700782270 /* Info.plist */,
			);
			path = "I Am RichUITests";
			sourceTree = "<group>";
		};
/* End PBXGroup section */

/* Begin PBXNativeTarget section */
		B6AFE2D320BFC26400782270 /* I Am Rich */ = {
			isa = PBXNativeTarget;
			buildConfigurationList = B6AFE2FC20BFC26700782270 /* Build configuration list for PBXNativeTarget "I Am Rich" */;
			buildPhases = (
				B6AFE2D020BFC26400782270 /* Sources */,
				B6AFE2D120BFC26400782270 /* Frameworks */,
				B6AFE2D220BFC26400782270 /* Resources */,
			);
			buildRules = (
			);
			dependencies = (
			);
			name = "I Am Rich";
			productName = "I Am Rich";
			productReference = B6AFE2D420BFC26400782270 /* I Am Rich.app */;
			productType = "com.apple.product-type.application";
		};
		B6AFE2E720BFC26700782270 /* I Am RichTests */ = {
			isa = PBXNativeTarget;
			buildConfigurationList = B6AFE2FF20BFC26700782270 /* Build configuration list for PBXNativeTarget "I Am RichTests" */;
			buildPhases = (
				B6AFE2E420BFC26700782270 /* Sources */,
				B6AFE2E520BFC26700782270 /* Frameworks */,
				B6AFE2E620BFC26700782270 /* Resources */,
			);
			buildRules = (
			);
			dependencies = (
				B6AFE2EA20BFC26700782270 /* PBXTargetDependency */,
			);
			name = "I Am RichTests";
			productName = "I Am RichTests";
			productReference = B6AFE2E820BFC26700782270 /* I Am RichTests.xctest */;
			productType = "com.apple.product-type.bundle.unit-test";
		};
		B6AFE2F220BFC26700782270 /* I Am RichUITests */ = {
			isa = PBXNativeTarget;
			buildConfigurationList = B6AFE30220BFC26700782270 /* Build configuration list for PBXNativeTarget "I Am RichUITests" */;
			buildPhases = (
				B6AFE2EF20BFC26700782270 /* Sources */,
				B6AFE2F020BFC26700782270 /* Frameworks */,
				B6AFE2F120BFC26700782270 /* Resources */,
			);
			buildRules = (
			);
			dependencies = (
				B6AFE2F520BFC26700782270 /* PBXTargetDependency */,
			);
			name = "I Am RichUITests";
			productName = "I Am RichUITests";
			productReference = B6AFE2F320BFC26700782270 /* I Am RichUITests.xctest */;
			productType = "com.apple.product-type.bundle.ui-testing";
		};
/* End PBXNativeTarget section */

/* Begin PBXProject section */
		B6AFE2CC20BFC26400782270 /* Project object */ = {
			isa = PBXProject;
			attributes = {
				LastSwiftUpdateCheck = 0930;
				LastUpgradeCheck = 0930;
				ORGANIZATIONNAME = "Cristian Muriel Ordoñez";
				TargetAttributes = {
					B6AFE2D320BFC26400782270 = {
						CreatedOnToolsVersion = 9.3.1;
					};
					B6AFE2E720BFC26700782270 = {
						CreatedOnToolsVersion = 9.3.1;
						TestTargetID = B6AFE2D320BFC26400782270;
					};
					B6AFE2F220BFC26700782270 = {
						CreatedOnToolsVersion = 9.3.1;
						TestTargetID = B6AFE2D320BFC26400782270;
					};
				};
			};
			buildConfigurationList = B6AFE2CF20BFC26400782270 /* Build configuration list for PBXProject "I Am Rich" */;
			compatibilityVersion = "Xcode 9.3";
			developmentRegion = en;
			hasScannedForEncodings = 0;
			knownRegions = (
				en,
				Base,
			);
			mainGroup = B6AFE2CB20BFC26400782270;
			productRefGroup = B6AFE2D520BFC26400782270 /* Products */;
			projectDirPath = "";
			projectRoot = "";
			targets = (
				B6AFE2D320BFC26400782270 /* I Am Rich */,
				B6AFE2E720BFC26700782270 /* I Am RichTests */,
				B6AFE2F220BFC26700782270 /* I Am RichUITests */,
			);
		};
/* End PBXProject section */

/* Begin PBXResourcesBuildPhase section */
		B6AFE2D220BFC26400782270 /* Resources */ = {
			isa = PBXResourcesBuildPhase;
			buildActionMask = 2147483647;
			files = (
				B6AFE2E220BFC26700782270 /* LaunchScreen.storyboard in Resources */,
				B6AFE30720BFC77500782270 /* Media.xcassets in Resources */,
				B6AFE2DD20BFC26400782270 /* Main.storyboard in Resources */,
			);
			runOnlyForDeploymentPostprocessing = 0;
		};
		B6AFE2E620BFC26700782270 /* Resources */ = {
			isa = PBXResourcesBuildPhase;
			buildActionMask = 2147483647;
			files = (
			);
			runOnlyForDeploymentPostprocessing = 0;
		};
		B6AFE2F120BFC26700782270 /* Resources */ = {
			isa = PBXResourcesBuildPhase;
			buildActionMask = 2147483647;
			files = (
			);
			runOnlyForDeploymentPostprocessing = 0;
		};
/* End PBXResourcesBuildPhase section */

/* Begin PBXSourcesBuildPhase section */
		B6AFE2D020BFC26400782270 /* Sources */ = {
			isa = PBXSourcesBuildPhase;
			buildActionMask = 2147483647;
			files = (
				B6AFE2DA20BFC26400782270 /* ViewController.swift in Sources */,
				B6AFE2D820BFC26400782270 /* AppDelegate.swift in Sources */,
			);
			runOnlyForDeploymentPostprocessing = 0;
		};
		B6AFE2E420BFC26700782270 /* Sources */ = {
			isa = PBXSourcesBuildPhase;
			buildActionMask = 2147483647;
			files = (
				B6AFE2ED20BFC26700782270 /* I_Am_RichTests.swift in Sources */,
			);
			runOnlyForDeploymentPostprocessing = 0;
		};
		B6AFE2EF20BFC26700782270 /* Sources */ = {
			isa = PBXSourcesBuildPhase;
			buildActionMask = 2147483647;
			files = (
				B6AFE2F820BFC26700782270 /* I_Am_RichUITests.swift in Sources */,
			);
			runOnlyForDeploymentPostprocessing = 0;
		};
/* End PBXSourcesBuildPhase section */

/* Begin PBXTargetDependency section */
		B6AFE2EA20BFC26700782270 /* PBXTargetDependency */ = {
			isa = PBXTargetDependency;
			target = B6AFE2D320BFC26400782270 /* I Am Rich */;
			targetProxy = B6AFE2E920BFC26700782270 /* PBXContainerItemProxy */;
		};
		B6AFE2F520BFC26700782270 /* PBXTargetDependency */ = {
			isa = PBXTargetDependency;
			target = B6AFE2D320BFC26400782270 /* I Am Rich */;
			targetProxy = B6AFE2F420BFC26700782270 /* PBXContainerItemProxy */;
		};
/* End PBXTargetDependency section */

/* Begin PBXVariantGroup section */
		B6AFE2DB20BFC26400782270 /* Main.storyboard */ = {
			isa = PBXVariantGroup;
			children = (
				B6AFE2DC20BFC26400782270 /* Base */,
			);
			name = Main.storyboard;
			sourceTree = "<group>";
		};
		B6AFE2E020BFC26700782270 /* LaunchScreen.storyboard */ = {
			isa = PBXVariantGroup;
			children = (
				B6AFE2E120BFC26700782270 /* Base */,
			);
			name = LaunchScreen.storyboard;
			sourceTree = "<group>";
		};
/* End PBXVariantGroup section */

/* Begin XCBuildConfiguration section */
		B6AFE2FA20BFC26700782270 /* Debug */ = {
			isa = XCBuildConfiguration;
			buildSettings = {
				ALWAYS_SEARCH_USER_PATHS = NO;
				CLANG_ANALYZER_NONNULL = YES;
				CLANG_ANALYZER_NUMBER_OBJECT_CONVERSION = YES_AGGRESSIVE;
				CLANG_CXX_LANGUAGE_STANDARD = "gnu++14";
				CLANG_CXX_LIBRARY = "libc++";
				CLANG_ENABLE_MODULES = YES;
				CLANG_ENABLE_OBJC_ARC = YES;
				CLANG_ENABLE_OBJC_WEAK = YES;
				CLANG_WARN_BLOCK_CAPTURE_AUTORELEASING = YES;
				CLANG_WARN_BOOL_CONVERSION = YES;
				CLANG_WARN_COMMA = YES;
				CLANG_WARN_CONSTANT_CONVERSION = YES;
				CLANG_WARN_DEPRECATED_OBJC_IMPLEMENTATIONS = YES;
				CLANG_WARN_DIRECT_OBJC_ISA_USAGE = YES_ERROR;
				CLANG_WARN_DOCUMENTATION_COMMENTS = YES;
				CLANG_WARN_EMPTY_BODY = YES;
				CLANG_WARN_ENUM_CONVERSION = YES;
				CLANG_WARN_INFINITE_RECURSION = YES;
				CLANG_WARN_INT_CONVERSION = YES;
				CLANG_WARN_NON_LITERAL_NULL_CONVERSION = YES;
				CLANG_WARN_OBJC_IMPLICIT_RETAIN_SELF = YES;
				CLANG_WARN_OBJC_LITERAL_CONVERSION = YES;
				CLANG_WARN_OBJC_ROOT_CLASS = YES_ERROR;
				CLANG_WARN_RANGE_LOOP_ANALYSIS = YES;
				CLANG_WARN_STRICT_PROTOTYPES = YES;
				CLANG_WARN_SUSPICIOUS_MOVE = YES;
				CLANG_WARN_UNGUARDED_AVAILABILITY = YES_AGGRESSIVE;
				CLANG_WARN_UNREACHABLE_CODE = YES;
				CLANG_WARN__DUPLICATE_METHOD_MATCH = YES;
				CODE_SIGN_IDENTITY = "iPhone Developer";
				COPY_PHASE_STRIP = NO;
				DEBUG_INFORMATION_FORMAT = dwarf;
				ENABLE_STRICT_OBJC_MSGSEND = YES;
				ENABLE_TESTABILITY = YES;
				GCC_C_LANGUAGE_STANDARD = gnu11;
				GCC_DYNAMIC_NO_PIC = NO;
				GCC_NO_COMMON_BLOCKS = YES;
				GCC_OPTIMIZATION_LEVEL = 0;
				GCC_PREPROCESSOR_DEFINITIONS = (
					"DEBUG=1",
					"$(inherited)",
				);
				GCC_WARN_64_TO_32_BIT_CONVERSION = YES;
				GCC_WARN_ABOUT_RETURN_TYPE = YES_ERROR;
				GCC_WARN_UNDECLARED_SELECTOR = YES;
				GCC_WARN_UNINITIALIZED_AUTOS = YES_AGGRESSIVE;
				GCC_WARN_UNUSED_FUNCTION = YES;
				GCC_WARN_UNUSED_VARIABLE = YES;
				IPHONEOS_DEPLOYMENT_TARGET = 11.3;
				MTL_ENABLE_DEBUG_INFO = YES;
				ONLY_ACTIVE_ARCH = YES;
				SDKROOT = iphoneos;
				SWIFT_ACTIVE_COMPILATION_CONDITIONS = DEBUG;
				SWIFT_OPTIMIZATION_LEVEL = "-Onone";
			};
			name = Debug;
		};
		B6AFE2FB20BFC26700782270 /* Release */ = {
			isa = XCBuildConfiguration;
			buildSettings = {
				ALWAYS_SEARCH_USER_PATHS = NO;
				CLANG_ANALYZER_NONNULL = YES;
				CLANG_ANALYZER_NUMBER_OBJECT_CONVERSION = YES_AGGRESSIVE;
				CLANG_CXX_LANGUAGE_STANDARD = "gnu++14";
				CLANG_CXX_LIBRARY = "libc++";
				CLANG_ENABLE_MODULES = YES;
				CLANG_ENABLE_OBJC_ARC = YES;
				CLANG_ENABLE_OBJC_WEAK = YES;
				CLANG_WARN_BLOCK_CAPTURE_AUTORELEASING = YES;
				CLANG_WARN_BOOL_CONVERSION = YES;
				CLANG_WARN_COMMA = YES;
				CLANG_WARN_CONSTANT_CONVERSION = YES;
				CLANG_WARN_DEPRECATED_OBJC_IMPLEMENTATIONS = YES;
				CLANG_WARN_DIRECT_OBJC_ISA_USAGE = YES_ERROR;
				CLANG_WARN_DOCUMENTATION_COMMENTS = YES;
				CLANG_WARN_EMPTY_BODY = YES;
				CLANG_WARN_ENUM_CONVERSION = YES;
				CLANG_WARN_INFINITE_RECURSION = YES;
				CLANG_WARN_INT_CONVERSION = YES;
				CLANG_WARN_NON_LITERAL_NULL_CONVERSION = YES;
				CLANG_WARN_OBJC_IMPLICIT_RETAIN_SELF = YES;
				CLANG_WARN_OBJC_LITERAL_CONVERSION = YES;
				CLANG_WARN_OBJC_ROOT_CLASS = YES_ERROR;
				CLANG_WARN_RANGE_LOOP_ANALYSIS = YES;
				CLANG_WARN_STRICT_PROTOTYPES = YES;
				CLANG_WARN_SUSPICIOUS_MOVE = YES;
				CLANG_WARN_UNGUARDED_AVAILABILITY = YES_AGGRESSIVE;
				CLANG_WARN_UNREACHABLE_CODE = YES;
				CLANG_WARN__DUPLICATE_METHOD_MATCH = YES;
				CODE_SIGN_IDENTITY = "iPhone Developer";
				COPY_PHASE_STRIP = NO;
				DEBUG_INFORMATION_FORMAT = "dwarf-with-dsym";
				ENABLE_NS_ASSERTIONS = NO;
				ENABLE_STRICT_OBJC_MSGSEND = YES;
				GCC_C_LANGUAGE_STANDARD = gnu11;
				GCC_NO_COMMON_BLOCKS = YES;
				GCC_WARN_64_TO_32_BIT_CONVERSION = YES;
				GCC_WARN_ABOUT_RETURN_TYPE = YES_ERROR;
				GCC_WARN_UNDECLARED_SELECTOR = YES;
				GCC_WARN_UNINITIALIZED_AUTOS = YES_AGGRESSIVE;
				GCC_WARN_UNUSED_FUNCTION = YES;
				GCC_WARN_UNUSED_VARIABLE = YES;
				IPHONEOS_DEPLOYMENT_TARGET = 11.3;
				MTL_ENABLE_DEBUG_INFO = NO;
				SDKROOT = iphoneos;
				SWIFT_COMPILATION_MODE = wholemodule;
				SWIFT_OPTIMIZATION_LEVEL = "-O";
				VALIDATE_PRODUCT = YES;
			};
			name = Release;
		};
		B6AFE2FD20BFC26700782270 /* Debug */ = {
			isa = XCBuildConfiguration;
			buildSettings = {
				CODE_SIGN_STYLE = Automatic;
				DEVELOPMENT_TEAM = 6536XG7QU2;
				INFOPLIST_FILE = "I Am Rich/Info.plist";
				LD_RUNPATH_SEARCH_PATHS = (
					"$(inherited)",
					"@executable_path/Frameworks",
				);
				PRODUCT_BUNDLE_IDENTIFIER = "net.lostsocket.I-Am-Rich";
				PRODUCT_NAME = "$(TARGET_NAME)";
				SWIFT_VERSION = 4.0;
				TARGETED_DEVICE_FAMILY = "1,2";
			};
			name = Debug;
		};
		B6AFE2FE20BFC26700782270 /* Release */ = {
			isa = XCBuildConfiguration;
			buildSettings = {
				CODE_SIGN_STYLE = Automatic;
				DEVELOPMENT_TEAM = 6536XG7QU2;
				INFOPLIST_FILE = "I Am Rich/Info.plist";
				LD_RUNPATH_SEARCH_PATHS = (
					"$(inherited)",
					"@executable_path/Frameworks",
				);
				PRODUCT_BUNDLE_IDENTIFIER = "net.lostsocket.I-Am-Rich";
				PRODUCT_NAME = "$(TARGET_NAME)";
				SWIFT_VERSION = 4.0;
				TARGETED_DEVICE_FAMILY = "1,2";
			};
			name = Release;
		};
		B6AFE30020BFC26700782270 /* Debug */ = {
			isa = XCBuildConfiguration;
			buildSettings = {
				ALWAYS_EMBED_SWIFT_STANDARD_LIBRARIES = YES;
				BUNDLE_LOADER = "$(TEST_HOST)";
				CODE_SIGN_STYLE = Automatic;
				DEVELOPMENT_TEAM = 6536XG7QU2;
				INFOPLIST_FILE = "I Am RichTests/Info.plist";
				LD_RUNPATH_SEARCH_PATHS = (
					"$(inherited)",
					"@executable_path/Frameworks",
					"@loader_path/Frameworks",
				);
				PRODUCT_BUNDLE_IDENTIFIER = "net.lostsocket.I-Am-RichTests";
				PRODUCT_NAME = "$(TARGET_NAME)";
				SWIFT_VERSION = 4.0;
				TARGETED_DEVICE_FAMILY = "1,2";
				TEST_HOST = "$(BUILT_PRODUCTS_DIR)/I Am Rich.app/I Am Rich";
			};
			name = Debug;
		};
		B6AFE30120BFC26700782270 /* Release */ = {
			isa = XCBuildConfiguration;
			buildSettings = {
				ALWAYS_EMBED_SWIFT_STANDARD_LIBRARIES = YES;
				BUNDLE_LOADER = "$(TEST_HOST)";
				CODE_SIGN_STYLE = Automatic;
				DEVELOPMENT_TEAM = 6536XG7QU2;
				INFOPLIST_FILE = "I Am RichTests/Info.plist";
				LD_RUNPATH_SEARCH_PATHS = (
					"$(inherited)",
					"@executable_path/Frameworks",
					"@loader_path/Frameworks",
				);
				PRODUCT_BUNDLE_IDENTIFIER = "net.lostsocket.I-Am-RichTests";
				PRODUCT_NAME = "$(TARGET_NAME)";
				SWIFT_VERSION = 4.0;
				TARGETED_DEVICE_FAMILY = "1,2";
				TEST_HOST = "$(BUILT_PRODUCTS_DIR)/I Am Rich.app/I Am Rich";
			};
			name = Release;
		};
		B6AFE30320BFC26700782270 /* Debug */ = {
			isa = XCBuildConfiguration;
			buildSettings = {
				ALWAYS_EMBED_SWIFT_STANDARD_LIBRARIES = YES;
				CODE_SIGN_STYLE = Automatic;
				DEVELOPMENT_TEAM = 6536XG7QU2;
				INFOPLIST_FILE = "I Am RichUITests/Info.plist";
				LD_RUNPATH_SEARCH_PATHS = (
					"$(inherited)",
					"@executable_path/Frameworks",
					"@loader_path/Frameworks",
				);
				PRODUCT_BUNDLE_IDENTIFIER = "net.lostsocket.I-Am-RichUITests";
				PRODUCT_NAME = "$(TARGET_NAME)";
				SWIFT_VERSION = 4.0;
				TARGETED_DEVICE_FAMILY = "1,2";
				TEST_TARGET_NAME = "I Am Rich";
			};
			name = Debug;
		};
		B6AFE30420BFC26700782270 /* Release */ = {
			isa = XCBuildConfiguration;
			buildSettings = {
				ALWAYS_EMBED_SWIFT_STANDARD_LIBRARIES = YES;
				CODE_SIGN_STYLE = Automatic;
				DEVELOPMENT_TEAM = 6536XG7QU2;
				INFOPLIST_FILE = "I Am RichUITests/Info.plist";
				LD_RUNPATH_SEARCH_PATHS = (
					"$(inherited)",
					"@executable_path/Frameworks",
					"@loader_path/Frameworks",
				);
				PRODUCT_BUNDLE_IDENTIFIER = "net.lostsocket.I-Am-RichUITests";
				PRODUCT_NAME = "$(TARGET_NAME)";
				SWIFT_VERSION = 4.0;
				TARGETED_DEVICE_FAMILY = "1,2";
				TEST_TARGET_NAME = "I Am Rich";
			};
			name = Release;
		};
/* End XCBuildConfiguration section */

/* Begin XCConfigurationList section */
		B6AFE2CF20BFC26400782270 /* Build configuration list for PBXProject "I Am Rich" */ = {
			isa = XCConfigurationList;
			buildConfigurations = (
				B6AFE2FA20BFC26700782270 /* Debug */,
				B6AFE2FB20BFC26700782270 /* Release */,
			);
			defaultConfigurationIsVisible = 0;
			defaultConfigurationName = Release;
		};
		B6AFE2FC20BFC26700782270 /* Build configuration list for PBXNativeTarget "I Am Rich" */ = {
			isa = XCConfigurationList;
			buildConfigurations = (
				B6AFE2FD20BFC26700782270 /* Debug */,
				B6AFE2FE20BFC26700782270 /* Release */,
			);
			defaultConfigurationIsVisible = 0;
			defaultConfigurationName = Release;
		};
		B6AFE2FF20BFC26700782270 /* Build configuration list for PBXNativeTarget "I Am RichTests" */ = {
			isa = XCConfigurationList;
			buildConfigurations = (
				B6AFE30020BFC26700782270 /* Debug */,
				B6AFE30120BFC26700782270 /* Release */,
			);
			defaultConfigurationIsVisible = 0;
			defaultConfigurationName = Release;
		};
		B6AFE30220BFC26700782270 /* Build configuration list for PBXNativeTarget "I Am RichUITests" */ = {
			isa = XCConfigurationList;
			buildConfigurations = (
				B6AFE30320BFC26700782270 /* Debug */,
				B6AFE30420BFC26700782270 /* Release */,
			);
			defaultConfigurationIsVisible = 0;
			defaultConfigurationName = Release;
		};
/* End XCConfigurationList section */
	};
	rootObject = B6AFE2CC20BFC26400782270 /* Project object */;
}
